
Microsoft Visual Studio Solution File, Format Version 12.00
# Visual Studio 15
VisualStudioVersion = 15.0.28307.329
MinimumVisualStudioVersion = 10.0.40219.1
Project("{FAE04EC0-301F-11D3-BF4B-00C04F79EFBC}") = "tiny_planets", "tiny_planets\tiny_planets.csproj", "{885C0C98-D1C0-4885-951D-EA4815FF91EC}"
EndProject
Project("{FAE04EC0-301F-11D3-BF4B-00C04F79EFBC}") = "Mandelbrot", "Mandelbrot\Mandelbrot.csproj", "{E20DA774-6D58-4324-AC41-A1580FE77725}"
EndProject
Project("{FAE04EC0-301F-11D3-BF4B-00C04F79EFBC}") = "LineCurve", "LineCurve\LineCurve.csproj", "{944A6D50-683C-447B-A0D4-2C09EC11BD8B}"
EndProject
Global
	GlobalSection(SolutionConfigurationPlatforms) = preSolution
		Debug|Any CPU = Debug|Any CPU
		Release|Any CPU = Release|Any CPU
	EndGlobalSection
	GlobalSection(ProjectConfigurationPlatforms) = postSolution
		{885C0C98-D1C0-4885-951D-EA4815FF91EC}.Debug|Any CPU.ActiveCfg = Debug|Any CPU
		{885C0C98-D1C0-4885-951D-EA4815FF91EC}.Debug|Any CPU.Build.0 = Debug|Any CPU
		{885C0C98-D1C0-4885-951D-EA4815FF91EC}.Release|Any CPU.ActiveCfg = Release|Any CPU
		{885C0C98-D1C0-4885-951D-EA4815FF91EC}.Release|Any CPU.Build.0 = Release|Any CPU
		{E20DA774-6D58-4324-AC41-A1580FE77725}.Debug|Any CPU.ActiveCfg = Debug|Any CPU
		{E20DA774-6D58-4324-AC41-A1580FE77725}.Debug|Any CPU.Build.0 = Debug|Any CPU
		{E20DA774-6D58-4324-AC41-A1580FE77725}.Release|Any CPU.ActiveCfg = Release|Any CPU
		{E20DA774-6D58-4324-AC41-A1580FE77725}.Release|Any CPU.Build.0 = Release|Any CPU
		{944A6D50-683C-447B-A0D4-2C09EC11BD8B}.Debug|Any CPU.ActiveCfg = Debug|Any CPU
		{944A6D50-683C-447B-A0D4-2C09EC11BD8B}.Debug|Any CPU.Build.0 = Debug|Any CPU
		{944A6D50-683C-447B-A0D4-2C09EC11BD8B}.Release|Any CPU.ActiveCfg = Release|Any CPU
		{944A6D50-683C-447B-A0D4-2C09EC11BD8B}.Release|Any CPU.Build.0 = Release|Any CPU
	EndGlobalSection
	GlobalSection(SolutionProperties) = preSolution
		HideSolutionNode = FALSE
	EndGlobalSection
	GlobalSection(ExtensibilityGlobals) = postSolution
		SolutionGuid = {87C51DA4-6A04-4D1C-9189-5E126507551C}
	EndGlobalSection
EndGlobal
