
Microsoft Visual Studio Solution File, Format Version 12.00
# Visual Studio Version 17
VisualStudioVersion = 17.5.33424.131
MinimumVisualStudioVersion = 10.0.40219.1
Project("{FAE04EC0-301F-11D3-BF4B-00C04F79EFBC}") = "tiny_planets", "tiny_planets\tiny_planets.csproj", "{885C0C98-D1C0-4885-951D-EA4815FF91EC}"
EndProject
Project("{FAE04EC0-301F-11D3-BF4B-00C04F79EFBC}") = "TinyLive", "TinyLive\TinyLive.csproj", "{E20DA774-6D58-4324-AC41-A1580FE77727}"
EndProject
Project("{FAE04EC0-301F-11D3-BF4B-00C04F79EFBC}") = "Mandelbrot", "Mandelbrot\Mandelbrot.csproj", "{E20DA774-6D58-4324-AC41-A1580FE77725}"
EndProject
Project("{FAE04EC0-301F-11D3-BF4B-00C04F79EFBC}") = "LineCurve", "LineCurve\LineCurve.csproj", "{944A6D50-683C-447B-A0D4-2C09EC11BD8B}"
EndProject
Project("{FAE04EC0-301F-11D3-BF4B-00C04F79EFBC}") = "ShareLib", "ShareLib\ShareLib.csproj", "{28BB7C84-ED73-4094-8C98-BED062DD84E4}"
EndProject
Global
	GlobalSection(SolutionConfigurationPlatforms) = preSolution
		Debug|Any CPU = Debug|Any CPU
		Debug|x64 = Debug|x64
		Release|Any CPU = Release|Any CPU
		Release|x64 = Release|x64
	EndGlobalSection
	GlobalSection(ProjectConfigurationPlatforms) = postSolution
		{885C0C98-D1C0-4885-951D-EA4815FF91EC}.Debug|Any CPU.ActiveCfg = Debug|Any CPU
		{885C0C98-D1C0-4885-951D-EA4815FF91EC}.Debug|Any CPU.Build.0 = Debug|Any CPU
		{885C0C98-D1C0-4885-951D-EA4815FF91EC}.Debug|x64.ActiveCfg = Debug|x64
		{885C0C98-D1C0-4885-951D-EA4815FF91EC}.Debug|x64.Build.0 = Debug|x64
		{885C0C98-D1C0-4885-951D-EA4815FF91EC}.Release|Any CPU.ActiveCfg = Release|Any CPU
		{885C0C98-D1C0-4885-951D-EA4815FF91EC}.Release|Any CPU.Build.0 = Release|Any CPU
		{885C0C98-D1C0-4885-951D-EA4815FF91EC}.Release|x64.ActiveCfg = Release|x64
		{885C0C98-D1C0-4885-951D-EA4815FF91EC}.Release|x64.Build.0 = Release|x64
		{E20DA774-6D58-4324-AC41-A1580FE77727}.Debug|Any CPU.ActiveCfg = Debug|Any CPU
		{E20DA774-6D58-4324-AC41-A1580FE77727}.Debug|Any CPU.Build.0 = Debug|Any CPU
		{E20DA774-6D58-4324-AC41-A1580FE77727}.Debug|x64.ActiveCfg = Debug|Any CPU
		{E20DA774-6D58-4324-AC41-A1580FE77727}.Debug|x64.Build.0 = Debug|Any CPU
		{E20DA774-6D58-4324-AC41-A1580FE77727}.Release|Any CPU.ActiveCfg = Release|Any CPU
		{E20DA774-6D58-4324-AC41-A1580FE77727}.Release|Any CPU.Build.0 = Release|Any CPU
		{E20DA774-6D58-4324-AC41-A1580FE77727}.Release|x64.ActiveCfg = Release|Any CPU
		{E20DA774-6D58-4324-AC41-A1580FE77727}.Release|x64.Build.0 = Release|Any CPU
		{E20DA774-6D58-4324-AC41-A1580FE77725}.Debug|Any CPU.ActiveCfg = Debug|Any CPU
		{E20DA774-6D58-4324-AC41-A1580FE77725}.Debug|Any CPU.Build.0 = Debug|Any CPU
		{E20DA774-6D58-4324-AC41-A1580FE77725}.Debug|x64.ActiveCfg = Debug|Any CPU
		{E20DA774-6D58-4324-AC41-A1580FE77725}.Debug|x64.Build.0 = Debug|Any CPU
		{E20DA774-6D58-4324-AC41-A1580FE77725}.Release|Any CPU.ActiveCfg = Release|Any CPU
		{E20DA774-6D58-4324-AC41-A1580FE77725}.Release|Any CPU.Build.0 = Release|Any CPU
		{E20DA774-6D58-4324-AC41-A1580FE77725}.Release|x64.ActiveCfg = Release|Any CPU
		{E20DA774-6D58-4324-AC41-A1580FE77725}.Release|x64.Build.0 = Release|Any CPU
		{944A6D50-683C-447B-A0D4-2C09EC11BD8B}.Debug|Any CPU.ActiveCfg = Debug|Any CPU
		{944A6D50-683C-447B-A0D4-2C09EC11BD8B}.Debug|Any CPU.Build.0 = Debug|Any CPU
		{944A6D50-683C-447B-A0D4-2C09EC11BD8B}.Debug|x64.ActiveCfg = Debug|Any CPU
		{944A6D50-683C-447B-A0D4-2C09EC11BD8B}.Debug|x64.Build.0 = Debug|Any CPU
		{944A6D50-683C-447B-A0D4-2C09EC11BD8B}.Release|Any CPU.ActiveCfg = Release|Any CPU
		{944A6D50-683C-447B-A0D4-2C09EC11BD8B}.Release|Any CPU.Build.0 = Release|Any CPU
		{944A6D50-683C-447B-A0D4-2C09EC11BD8B}.Release|x64.ActiveCfg = Release|Any CPU
		{944A6D50-683C-447B-A0D4-2C09EC11BD8B}.Release|x64.Build.0 = Release|Any CPU
		{28BB7C84-ED73-4094-8C98-BED062DD84E4}.Debug|Any CPU.ActiveCfg = Debug|Any CPU
		{28BB7C84-ED73-4094-8C98-BED062DD84E4}.Debug|Any CPU.Build.0 = Debug|Any CPU
		{28BB7C84-ED73-4094-8C98-BED062DD84E4}.Debug|x64.ActiveCfg = Debug|Any CPU
		{28BB7C84-ED73-4094-8C98-BED062DD84E4}.Debug|x64.Build.0 = Debug|Any CPU
		{28BB7C84-ED73-4094-8C98-BED062DD84E4}.Release|Any CPU.ActiveCfg = Release|Any CPU
		{28BB7C84-ED73-4094-8C98-BED062DD84E4}.Release|Any CPU.Build.0 = Release|Any CPU
		{28BB7C84-ED73-4094-8C98-BED062DD84E4}.Release|x64.ActiveCfg = Release|Any CPU
		{28BB7C84-ED73-4094-8C98-BED062DD84E4}.Release|x64.Build.0 = Release|Any CPU
	EndGlobalSection
	GlobalSection(SolutionProperties) = preSolution
		HideSolutionNode = FALSE
	EndGlobalSection
	GlobalSection(ExtensibilityGlobals) = postSolution
		SolutionGuid = {87C51DA4-6A04-4D1C-9189-5E126507551C}
	EndGlobalSection
EndGlobal
